{
  "nodes": {
    "flake-compat": {
      "flake": false,
      "locked": {
        "lastModified": 1747046372,
        "narHash": "sha256-CIVLLkVgvHYbgI2UpXvIIBJ12HWgX+fjA8Xf8PUmqCY=",
        "owner": "edolstra",
        "repo": "flake-compat",
        "rev": "9100a0f413b0c601e0533d1d94ffd501ce2e7885",
        "type": "github"
      },
      "original": {
        "owner": "edolstra",
        "repo": "flake-compat",
        "type": "github"
      }
    },
    "home-manager": {
      "inputs": {
        "nixpkgs": [
          "nixpkgs"
        ]
      },
      "locked": {
        "lastModified": 1760809591,
        "narHash": "sha256-OxGcFcQdfOK8veZkPdQuqXIotFYiy4sBQB58dMNLeHY=",
        "owner": "nix-community",
        "repo": "home-manager",
        "rev": "870883ba11ba1c84f756c0c1f9fa74cdb2a16c1e",
        "type": "github"
      },
      "original": {
        "owner": "nix-community",
        "repo": "home-manager",
        "type": "github"
      }
    },
    "nixos-wsl": {
      "inputs": {
        "flake-compat": "flake-compat",
        "nixpkgs": "nixpkgs"
      },
      "locked": {
        "lastModified": 1760536587,
        "narHash": "sha256-wfWqt+igns/VazjPLkyb4Z/wpn4v+XIjUeI3xY/1ENg=",
        "owner": "nix-community",
        "repo": "NixOS-WSL",
        "rev": "f98ee1de1fa36eca63c67b600f5d617e184e82ea",
        "type": "github"
      },
      "original": {
        "owner": "nix-community",
        "ref": "main",
        "repo": "NixOS-WSL",
        "type": "github"
      }
    },
    "nixpkgs": {
      "locked": {
        "lastModified": 1759733170,
        "narHash": "sha256-TXnlsVb5Z8HXZ6mZoeOAIwxmvGHp1g4Dw89eLvIwKVI=",
        "owner": "NixOS",
        "repo": "nixpkgs",
        "rev": "8913c168d1c56dc49a7718685968f38752171c3b",
        "type": "github"
      },
      "original": {
        "owner": "NixOS",
        "ref": "nixos-unstable",
        "repo": "nixpkgs",
        "type": "github"
      }
    },
    "nixpkgs_2": {
      "locked": {
        "lastModified": 1760284886,
        "narHash": "sha256-TK9Kr0BYBQ/1P5kAsnNQhmWWKgmZXwUQr4ZMjCzWf2c=",
        "owner": "NixOS",
        "repo": "nixpkgs",
        "rev": "cf3f5c4def3c7b5f1fc012b3d839575dbe552d43",
        "type": "github"
      },
      "original": {
        "owner": "NixOS",
        "ref": "nixos-unstable",
        "repo": "nixpkgs",
        "type": "github"
      }
    },
    "root": {
      "inputs": {
        "home-manager": "home-manager",
        "nixos-wsl": "nixos-wsl",
        "nixpkgs": "nixpkgs_2",
        "sops-nix": "sops-nix"
      }
    },
    "sops-nix": {
      "inputs": {
        "nixpkgs": [
          "nixpkgs"
        ]
      },
      "locked": {
        "lastModified": 1760393368,
        "narHash": "sha256-8mN3kqyqa2PKY0wwZ2UmMEYMcxvNTwLaOrrDsw6Qi4E=",
        "owner": "Mic92",
        "repo": "sops-nix",
        "rev": "ab8d56e85b8be14cff9d93735951e30c3e86a437",
        "type": "github"
      },
      "original": {
        "owner": "Mic92",
        "repo": "sops-nix",
        "type": "github"
      }
    }
  },
  "root": "root",
  "version": 7
}
